
Microsoft Visual Studio Solution File, Format Version 12.00
# Visual Studio Version 16
VisualStudioVersion = 16.0.31729.503
MinimumVisualStudioVersion = 10.0.40219.1
Project("{9A19103F-16F7-4668-BE54-9A1E7A4F7556}") = "PlazzaDebugger", "PlazzaDebugger\PlazzaDebugger.csproj", "{D22A9511-C68F-4612-90CC-1A9F1BEB1E20}"
EndProject
Global
	GlobalSection(SolutionConfigurationPlatforms) = preSolution
		Debug|Any CPU = Debug|Any CPU
		Eburo|Any CPU = Eburo|Any CPU
		Release|Any CPU = Release|Any CPU
	EndGlobalSection
	GlobalSection(ProjectConfigurationPlatforms) = postSolution
		{D22A9511-C68F-4612-90CC-1A9F1BEB1E20}.Debug|Any CPU.ActiveCfg = Debug|Any CPU
		{D22A9511-C68F-4612-90CC-1A9F1BEB1E20}.Debug|Any CPU.Build.0 = Debug|Any CPU
		{D22A9511-C68F-4612-90CC-1A9F1BEB1E20}.Eburo|Any CPU.ActiveCfg = Eburo|Any CPU
		{D22A9511-C68F-4612-90CC-1A9F1BEB1E20}.Eburo|Any CPU.Build.0 = Eburo|Any CPU
		{D22A9511-C68F-4612-90CC-1A9F1BEB1E20}.Release|Any CPU.ActiveCfg = Release|Any CPU
		{D22A9511-C68F-4612-90CC-1A9F1BEB1E20}.Release|Any CPU.Build.0 = Release|Any CPU
	EndGlobalSection
	GlobalSection(SolutionProperties) = preSolution
		HideSolutionNode = FALSE
	EndGlobalSection
	GlobalSection(ExtensibilityGlobals) = postSolution
		SolutionGuid = {250078E6-0996-428D-B7FF-2D8B45AD18E8}
	EndGlobalSection
EndGlobal
